<?xml version="1.0" encoding="utf-8"?>
<Project ToolsVersion="4.0" xmlns="http://schemas.microsoft.com/developer/msbuild/2003">
  <ItemGroup>
    <Filter Include="リソース ファイル">
      <UniqueIdentifier>{67DA6AB6-F800-4c08-8B7A-83BB121AAD01}</UniqueIdentifier>
      <Extensions>rc;ico;cur;bmp;dlg;rc2;rct;bin;rgs;gif;jpg;jpeg;jpe;resx;tiff;tif;png;wav;mfcribbon-ms</Extensions>
    </Filter>
    <Filter Include="ソース ファイル">
      <UniqueIdentifier>{4FC737F1-C7A5-4376-A066-2A32D752A2FF}</UniqueIdentifier>
      <Extensions>cpp;c;cc;cxx;def;odl;idl;hpj;bat;asm;asmx</Extensions>
    </Filter>
    <Filter Include="ヘッダー ファイル">
      <UniqueIdentifier>{93995380-89BD-4b04-88EB-625FBE52EBFB}</UniqueIdentifier>
      <Extensions>h;hh;hpp;hxx;hm;inl;inc;ipp;xsd</Extensions>
    </Filter>
    <Filter Include="material">
      <UniqueIdentifier>{f35b4d35-2419-4c9e-8509-2ce6049eb811}</UniqueIdentifier>
    </Filter>
    <Filter Include="floor">
      <UniqueIdentifier>{8c3c50ca-2233-4bf6-bac1-e62075ce18be}</UniqueIdentifier>
    </Filter>
    <Filter Include="setmodel">
      <UniqueIdentifier>{73c8400f-9f99-41aa-92e0-65ee71275a6a}</UniqueIdentifier>
    </Filter>
    <Filter Include="input">
      <UniqueIdentifier>{4b7ec6b8-8bde-497e-9fa1-cd0ff6833ff9}</UniqueIdentifier>
    </Filter>
  </ItemGroup>
  <ItemGroup>
    <ClInclude Include="main.h">
      <Filter>ヘッダー ファイル</Filter>
    </ClInclude>
    <ClInclude Include="camera.h">
      <Filter>ヘッダー ファイル</Filter>
    </ClInclude>
    <ClInclude Include="polygon.h">
      <Filter>ヘッダー ファイル</Filter>
    </ClInclude>
    <ClInclude Include="renderer.h">
      <Filter>ヘッダー ファイル</Filter>
    </ClInclude>
    <ClInclude Include="Texture.h">
      <Filter>ヘッダー ファイル</Filter>
    </ClInclude>
    <ClInclude Include="sprite.h">
      <Filter>ヘッダー ファイル</Filter>
    </ClInclude>
    <ClInclude Include="model.h">
      <Filter>ヘッダー ファイル</Filter>
    </ClInclude>
    <ClInclude Include="font.h">
      <Filter>ヘッダー ファイル</Filter>
    </ClInclude>
    <ClInclude Include="material.h">
      <Filter>material</Filter>
    </ClInclude>
    <ClInclude Include="floor.h">
      <Filter>floor</Filter>
    </ClInclude>
    <ClInclude Include="MapObjectAllUI.h">
      <Filter>setmodel</Filter>
    </ClInclude>
    <ClInclude Include="mapobjectModel.h">
      <Filter>setmodel</Filter>
    </ClInclude>
    <ClInclude Include="input.h">
      <Filter>input</Filter>
    </ClInclude>
    <ClInclude Include="keyboard.h">
      <Filter>input</Filter>
    </ClInclude>
    <ClInclude Include="Keylogger.h">
      <Filter>input</Filter>
    </ClInclude>
    <ClInclude Include="ui.h">
      <Filter>material</Filter>
    </ClInclude>
  </ItemGroup>
  <ItemGroup>
    <ClCompile Include="main.cpp">
      <Filter>ソース ファイル</Filter>
    </ClCompile>
    <ClCompile Include="camera.cpp">
      <Filter>ソース ファイル</Filter>
    </ClCompile>
    <ClCompile Include="polygon.cpp">
      <Filter>ソース ファイル</Filter>
    </ClCompile>
    <ClCompile Include="renderer.cpp">
      <Filter>ソース ファイル</Filter>
    </ClCompile>
    <ClCompile Include="Texture.cpp">
      <Filter>ソース ファイル</Filter>
    </ClCompile>
    <ClCompile Include="sprite.cpp">
      <Filter>ソース ファイル</Filter>
    </ClCompile>
    <ClCompile Include="model.cpp">
      <Filter>ソース ファイル</Filter>
    </ClCompile>
    <ClCompile Include="font.cpp">
      <Filter>ソース ファイル</Filter>
    </ClCompile>
    <ClCompile Include="material.cpp">
      <Filter>material</Filter>
    </ClCompile>
    <ClCompile Include="floor.cpp">
      <Filter>floor</Filter>
    </ClCompile>
    <ClCompile Include="MapObjectAllUI.cpp">
      <Filter>setmodel</Filter>
    </ClCompile>
    <ClCompile Include="mapobjectModel.cpp">
      <Filter>setmodel</Filter>
    </ClCompile>
    <ClCompile Include="input.cpp">
      <Filter>input</Filter>
    </ClCompile>
    <ClCompile Include="keyboard.cpp">
      <Filter>input</Filter>
    </ClCompile>
    <ClCompile Include="Keylogger.cpp">
      <Filter>input</Filter>
    </ClCompile>
    <ClCompile Include="ui.cpp">
      <Filter>material</Filter>
    </ClCompile>
  </ItemGroup>
</Project>